
Microsoft Visual Studio Solution File, Format Version 12.00
# Visual Studio Version 17
VisualStudioVersion = 17.3.32929.385
MinimumVisualStudioVersion = 10.0.40219.1
Project("{9A19103F-16F7-4668-BE54-9A1E7A4F7556}") = "universityApiBackend", "universityApiBackend\universityApiBackend.csproj", "{950FEA8D-7C9D-453C-B3AD-AEC6CC728415}"
EndProject
Project("{9A19103F-16F7-4668-BE54-9A1E7A4F7556}") = "LinqSnippets", "LinqSnippets\LinqSnippets.csproj", "{C9F56BA7-3B3E-4895-BEB5-3C0A2BB9DAA8}"
EndProject
Global
	GlobalSection(SolutionConfigurationPlatforms) = preSolution
		Debug|Any CPU = Debug|Any CPU
		Release|Any CPU = Release|Any CPU
	EndGlobalSection
	GlobalSection(ProjectConfigurationPlatforms) = postSolution
		{950FEA8D-7C9D-453C-B3AD-AEC6CC728415}.Debug|Any CPU.ActiveCfg = Debug|Any CPU
		{950FEA8D-7C9D-453C-B3AD-AEC6CC728415}.Debug|Any CPU.Build.0 = Debug|Any CPU
		{950FEA8D-7C9D-453C-B3AD-AEC6CC728415}.Release|Any CPU.ActiveCfg = Release|Any CPU
		{950FEA8D-7C9D-453C-B3AD-AEC6CC728415}.Release|Any CPU.Build.0 = Release|Any CPU
		{C9F56BA7-3B3E-4895-BEB5-3C0A2BB9DAA8}.Debug|Any CPU.ActiveCfg = Debug|Any CPU
		{C9F56BA7-3B3E-4895-BEB5-3C0A2BB9DAA8}.Debug|Any CPU.Build.0 = Debug|Any CPU
		{C9F56BA7-3B3E-4895-BEB5-3C0A2BB9DAA8}.Release|Any CPU.ActiveCfg = Release|Any CPU
		{C9F56BA7-3B3E-4895-BEB5-3C0A2BB9DAA8}.Release|Any CPU.Build.0 = Release|Any CPU
	EndGlobalSection
	GlobalSection(SolutionProperties) = preSolution
		HideSolutionNode = FALSE
	EndGlobalSection
	GlobalSection(ExtensibilityGlobals) = postSolution
		SolutionGuid = {8FB176F1-06F5-427F-A583-3A2956CB351C}
	EndGlobalSection
EndGlobal
