
Microsoft Visual Studio Solution File, Format Version 12.00
# Visual Studio Version 17
VisualStudioVersion = 17.3.32929.385
MinimumVisualStudioVersion = 10.0.40219.1
Project("{FAE04EC0-301F-11D3-BF4B-00C04F79EFBC}") = "APIVersionControl", "APIVersionControl\APIVersionControl.csproj", "{004FF503-6F4F-4147-A5ED-597A1D569AB4}"
EndProject
Global
	GlobalSection(SolutionConfigurationPlatforms) = preSolution
		Debug|Any CPU = Debug|Any CPU
		Release|Any CPU = Release|Any CPU
	EndGlobalSection
	GlobalSection(ProjectConfigurationPlatforms) = postSolution
		{004FF503-6F4F-4147-A5ED-597A1D569AB4}.Debug|Any CPU.ActiveCfg = Debug|Any CPU
		{004FF503-6F4F-4147-A5ED-597A1D569AB4}.Debug|Any CPU.Build.0 = Debug|Any CPU
		{004FF503-6F4F-4147-A5ED-597A1D569AB4}.Release|Any CPU.ActiveCfg = Release|Any CPU
		{004FF503-6F4F-4147-A5ED-597A1D569AB4}.Release|Any CPU.Build.0 = Release|Any CPU
	EndGlobalSection
	GlobalSection(SolutionProperties) = preSolution
		HideSolutionNode = FALSE
	EndGlobalSection
	GlobalSection(ExtensibilityGlobals) = postSolution
		SolutionGuid = {7EF3D04D-51A2-4442-8F21-AAE082F4C42F}
	EndGlobalSection
EndGlobal
