
Microsoft Visual Studio Solution File, Format Version 12.00
# Visual Studio Version 17
VisualStudioVersion = 17.3.32929.385
MinimumVisualStudioVersion = 10.0.40219.1
Project("{FAE04EC0-301F-11D3-BF4B-00C04F79EFBC}") = "InternationalApi", "InternationalApi\InternationalApi.csproj", "{AE7B53B4-82B6-4E97-894D-1EE579351B4E}"
EndProject
Global
	GlobalSection(SolutionConfigurationPlatforms) = preSolution
		Debug|Any CPU = Debug|Any CPU
		Release|Any CPU = Release|Any CPU
	EndGlobalSection
	GlobalSection(ProjectConfigurationPlatforms) = postSolution
		{AE7B53B4-82B6-4E97-894D-1EE579351B4E}.Debug|Any CPU.ActiveCfg = Debug|Any CPU
		{AE7B53B4-82B6-4E97-894D-1EE579351B4E}.Debug|Any CPU.Build.0 = Debug|Any CPU
		{AE7B53B4-82B6-4E97-894D-1EE579351B4E}.Release|Any CPU.ActiveCfg = Release|Any CPU
		{AE7B53B4-82B6-4E97-894D-1EE579351B4E}.Release|Any CPU.Build.0 = Release|Any CPU
	EndGlobalSection
	GlobalSection(SolutionProperties) = preSolution
		HideSolutionNode = FALSE
	EndGlobalSection
	GlobalSection(ExtensibilityGlobals) = postSolution
		SolutionGuid = {2EC2F728-37AF-4143-8D9E-9FBF87C66FAD}
	EndGlobalSection
EndGlobal
