
Microsoft Visual Studio Solution File, Format Version 12.00
# Visual Studio Version 17
VisualStudioVersion = 17.3.32929.385
MinimumVisualStudioVersion = 10.0.40219.1
Project("{FAE04EC0-301F-11D3-BF4B-00C04F79EFBC}") = "APIVC", "APIVC\APIVC.csproj", "{89FD78F8-7E79-4252-9553-BEEEAA667A40}"
EndProject
Global
	GlobalSection(SolutionConfigurationPlatforms) = preSolution
		Debug|Any CPU = Debug|Any CPU
		Release|Any CPU = Release|Any CPU
	EndGlobalSection
	GlobalSection(ProjectConfigurationPlatforms) = postSolution
		{89FD78F8-7E79-4252-9553-BEEEAA667A40}.Debug|Any CPU.ActiveCfg = Debug|Any CPU
		{89FD78F8-7E79-4252-9553-BEEEAA667A40}.Debug|Any CPU.Build.0 = Debug|Any CPU
		{89FD78F8-7E79-4252-9553-BEEEAA667A40}.Release|Any CPU.ActiveCfg = Release|Any CPU
		{89FD78F8-7E79-4252-9553-BEEEAA667A40}.Release|Any CPU.Build.0 = Release|Any CPU
	EndGlobalSection
	GlobalSection(SolutionProperties) = preSolution
		HideSolutionNode = FALSE
	EndGlobalSection
	GlobalSection(ExtensibilityGlobals) = postSolution
		SolutionGuid = {6B6D973E-E829-41D0-AF6D-3EEDE41ACD9E}
	EndGlobalSection
EndGlobal
